
Microsoft Visual Studio Solution File, Format Version 12.00
# Visual Studio Version 17
VisualStudioVersion = 17.7.34202.233
MinimumVisualStudioVersion = 10.0.40219.1
Project("{FAE04EC0-301F-11D3-BF4B-00C04F79EFBC}") = "Task1.ArrayChanger", "Task1.ArrayChanger\Task1.ArrayChanger.csproj", "{D52A03EE-8041-4601-99BC-7FF0D8D89E55}"
EndProject
Global
	GlobalSection(SolutionConfigurationPlatforms) = preSolution
		Debug|Any CPU = Debug|Any CPU
		Release|Any CPU = Release|Any CPU
	EndGlobalSection
	GlobalSection(ProjectConfigurationPlatforms) = postSolution
		{D52A03EE-8041-4601-99BC-7FF0D8D89E55}.Debug|Any CPU.ActiveCfg = Debug|Any CPU
		{D52A03EE-8041-4601-99BC-7FF0D8D89E55}.Debug|Any CPU.Build.0 = Debug|Any CPU
		{D52A03EE-8041-4601-99BC-7FF0D8D89E55}.Release|Any CPU.ActiveCfg = Release|Any CPU
		{D52A03EE-8041-4601-99BC-7FF0D8D89E55}.Release|Any CPU.Build.0 = Release|Any CPU
	EndGlobalSection
	GlobalSection(SolutionProperties) = preSolution
		HideSolutionNode = FALSE
	EndGlobalSection
	GlobalSection(ExtensibilityGlobals) = postSolution
		SolutionGuid = {C7D62B58-3434-404C-99D9-1843D691B571}
	EndGlobalSection
EndGlobal
